{
  "name": "starts",
  "version": "1.0.0",
  "lockfileVersion": 1,
  "requires": true,
  "dependencies": {
    "acorn": {
      "version": "5.7.2",
      "resolved": "https://registry.npmjs.org/acorn/-/acorn-5.7.2.tgz",
      "integrity": "sha512-cJrKCNcr2kv8dlDnbw+JPUGjHZzo4myaxOLmpOX8a+rgX94YeTcTMv/LFJUSByRpc+i4GgVnnhLxvMu/2Y+rqw=="
    },
    "gpu.js": {
      "version": "1.6.0",
      "resolved": "https://registry.npmjs.org/gpu.js/-/gpu.js-1.6.0.tgz",
      "integrity": "sha512-iGy25jR0oJXRc6xgzfV8qI2bd9DrG4Qul3+hUQXORWL7F0i/y0lps4EtFvbOhjDZRfXAYewq6I2uTKX7vTSQ5A==",
      "requires": {
        "acorn": "^5.1.1"
      }
    }
  }
}
